
Microsoft Visual Studio Solution File, Format Version 12.00
# Visual Studio Version 16
VisualStudioVersion = 16.0.30804.86
MinimumVisualStudioVersion = 10.0.40219.1
Project("{FAE04EC0-301F-11D3-BF4B-00C04F79EFBC}") = "EMGUCVTest", "EMGUCVTest.csproj", "{2DECCFB3-52F0-4C36-ACB0-BA858BBDF744}"
EndProject
Global
	GlobalSection(SolutionConfigurationPlatforms) = preSolution
		Debug|Any CPU = Debug|Any CPU
		Release|Any CPU = Release|Any CPU
	EndGlobalSection
	GlobalSection(ProjectConfigurationPlatforms) = postSolution
		{2DECCFB3-52F0-4C36-ACB0-BA858BBDF744}.Debug|Any CPU.ActiveCfg = Debug|Any CPU
		{2DECCFB3-52F0-4C36-ACB0-BA858BBDF744}.Debug|Any CPU.Build.0 = Debug|Any CPU
		{2DECCFB3-52F0-4C36-ACB0-BA858BBDF744}.Release|Any CPU.ActiveCfg = Release|Any CPU
		{2DECCFB3-52F0-4C36-ACB0-BA858BBDF744}.Release|Any CPU.Build.0 = Release|Any CPU
	EndGlobalSection
	GlobalSection(SolutionProperties) = preSolution
		HideSolutionNode = FALSE
	EndGlobalSection
	GlobalSection(ExtensibilityGlobals) = postSolution
		SolutionGuid = {D64E6A3E-9E05-47D2-A9B7-947AD3696DD8}
	EndGlobalSection
EndGlobal
